
Microsoft Visual Studio Solution File, Format Version 12.00
# Visual Studio Version 17
VisualStudioVersion = 17.9.34701.34
MinimumVisualStudioVersion = 10.0.40219.1
Project("{FAE04EC0-301F-11D3-BF4B-00C04F79EFBC}") = "BackEnd.Presentation", "BackEnd\BackEnd.Presentation.csproj", "{8632BFD0-7828-4DB8-BEEA-03DE6067E239}"
EndProject
Project("{FAE04EC0-301F-11D3-BF4B-00C04F79EFBC}") = "BackEnd.Entities", "BackEnd.Entities\BackEnd.Entities.csproj", "{908C7883-E96B-4B6F-AD5C-A390F2D8D866}"
EndProject
Project("{FAE04EC0-301F-11D3-BF4B-00C04F79EFBC}") = "BackEnd.Application", "BackEnd.Application\BackEnd.Application.csproj", "{4E8E494A-4564-4DFB-96A6-4A1F27D1BDB9}"
EndProject
Project("{FAE04EC0-301F-11D3-BF4B-00C04F79EFBC}") = "BackEnd.Domain", "BackEnd.Domain\BackEnd.Domain.csproj", "{2F95A754-C9CD-4B14-A4DC-8F52B26F5AB2}"
EndProject
Project("{FAE04EC0-301F-11D3-BF4B-00C04F79EFBC}") = "BackEnd.Infrastructure", "BackEnd.Infrastructure\BackEnd.Infrastructure.csproj", "{FF3CA0DC-5166-4C8E-B7B1-553E0BAA7F6A}"
EndProject
Global
	GlobalSection(SolutionConfigurationPlatforms) = preSolution
		Debug|Any CPU = Debug|Any CPU
		Release|Any CPU = Release|Any CPU
	EndGlobalSection
	GlobalSection(ProjectConfigurationPlatforms) = postSolution
		{8632BFD0-7828-4DB8-BEEA-03DE6067E239}.Debug|Any CPU.ActiveCfg = Debug|Any CPU
		{8632BFD0-7828-4DB8-BEEA-03DE6067E239}.Debug|Any CPU.Build.0 = Debug|Any CPU
		{8632BFD0-7828-4DB8-BEEA-03DE6067E239}.Release|Any CPU.ActiveCfg = Release|Any CPU
		{8632BFD0-7828-4DB8-BEEA-03DE6067E239}.Release|Any CPU.Build.0 = Release|Any CPU
		{908C7883-E96B-4B6F-AD5C-A390F2D8D866}.Debug|Any CPU.ActiveCfg = Debug|Any CPU
		{908C7883-E96B-4B6F-AD5C-A390F2D8D866}.Debug|Any CPU.Build.0 = Debug|Any CPU
		{908C7883-E96B-4B6F-AD5C-A390F2D8D866}.Release|Any CPU.ActiveCfg = Release|Any CPU
		{908C7883-E96B-4B6F-AD5C-A390F2D8D866}.Release|Any CPU.Build.0 = Release|Any CPU
		{4E8E494A-4564-4DFB-96A6-4A1F27D1BDB9}.Debug|Any CPU.ActiveCfg = Debug|Any CPU
		{4E8E494A-4564-4DFB-96A6-4A1F27D1BDB9}.Debug|Any CPU.Build.0 = Debug|Any CPU
		{4E8E494A-4564-4DFB-96A6-4A1F27D1BDB9}.Release|Any CPU.ActiveCfg = Release|Any CPU
		{4E8E494A-4564-4DFB-96A6-4A1F27D1BDB9}.Release|Any CPU.Build.0 = Release|Any CPU
		{2F95A754-C9CD-4B14-A4DC-8F52B26F5AB2}.Debug|Any CPU.ActiveCfg = Debug|Any CPU
		{2F95A754-C9CD-4B14-A4DC-8F52B26F5AB2}.Debug|Any CPU.Build.0 = Debug|Any CPU
		{2F95A754-C9CD-4B14-A4DC-8F52B26F5AB2}.Release|Any CPU.ActiveCfg = Release|Any CPU
		{2F95A754-C9CD-4B14-A4DC-8F52B26F5AB2}.Release|Any CPU.Build.0 = Release|Any CPU
		{FF3CA0DC-5166-4C8E-B7B1-553E0BAA7F6A}.Debug|Any CPU.ActiveCfg = Debug|Any CPU
		{FF3CA0DC-5166-4C8E-B7B1-553E0BAA7F6A}.Debug|Any CPU.Build.0 = Debug|Any CPU
		{FF3CA0DC-5166-4C8E-B7B1-553E0BAA7F6A}.Release|Any CPU.ActiveCfg = Release|Any CPU
		{FF3CA0DC-5166-4C8E-B7B1-553E0BAA7F6A}.Release|Any CPU.Build.0 = Release|Any CPU
	EndGlobalSection
	GlobalSection(SolutionProperties) = preSolution
		HideSolutionNode = FALSE
	EndGlobalSection
	GlobalSection(ExtensibilityGlobals) = postSolution
		SolutionGuid = {3E19B5A4-99BC-42D3-9CE9-3E2DA953673D}
	EndGlobalSection
EndGlobal
